hash: 4ef34ff9185802a6e9af9107deb5caf238b4ed3ae4d063ac1893b40c6ece2c83
updated: 2016-11-30T00:17:58.605395083+09:00
imports:
- name: github.com/aws/aws-sdk-go
  version: 4a6ff995f57ee4f8994db17ae83f01a9c9cc2274
  subpackages:
  - aws
  - aws/awserr
  - aws/awsutil
  - aws/client
  - aws/client/metadata
  - aws/corehandlers
  - aws/credentials
  - aws/credentials/ec2rolecreds
  - aws/credentials/endpointcreds
  - aws/credentials/stscreds
  - aws/defaults
  - aws/ec2metadata
  - aws/request
  - aws/session
  - aws/signer/v4
  - private/endpoints
  - private/protocol
  - private/protocol/query
  - private/protocol/query/queryutil
  - private/protocol/rest
  - private/protocol/restxml
  - private/protocol/xml/xmlutil
  - private/waiter
  - service/s3
  - service/s3/s3iface
  - service/sts
- name: github.com/go-ini/ini
  version: a2610b3a793cfa7fdf0b07038068af5ddc12aba1
- name: github.com/golang/mock
  version: bd3c8e81be01eef76d4b503f5e687d2d1354d2d9
  subpackages:
  - gomock
- name: github.com/jmespath/go-jmespath
  version: bd40a432e4c76585ef6b72d3fd96fb9b6dc7b68d
- name: github.com/spf13/pflag
  version: c7e63cf4530bcd3ba943729cee0efeff2ebea63f
testImports: []
