github.com/aws/aws-sdk-go-v2 v1.30.2 h1:4xL6l0M1fbGWqRqfm5xXsnPkzzvtR4nEUDOZNjTuTvc=
github.com/aws/aws-sdk-go-v2 v1.30.2/go.mod h1:ElN9h07Hy7l2xZounYhqIv1TxPy+31GGr4sEEZlOfDc=
github.com/aws/aws-sdk-go-v2/aws/protocol/eventstream v1.6.3 h1:tW1/Rkad38LA15X4UQtjXZXNKsCgkshC3EbmcUmghTg=
github.com/aws/aws-sdk-go-v2/aws/protocol/eventstream v1.6.3/go.mod h1:UbnqO+zjqk3uIt9yCACHJ9IVNhyhOCnYk8yA19SAWrM=
github.com/aws/aws-sdk-go-v2/config v1.27.25 h1:SmIsUvwcz1AgvRszLMEazqtynjIqYx7PKWXvTpKEaJc=
github.com/aws/aws-sdk-go-v2/config v1.27.25/go.mod h1:MO0vtISERCZZTKbxTNEKQ/2R7X7ddHMX5WkdfRh74nU=
github.com/aws/aws-sdk-go-v2/credentials v1.17.25 h1:lnZq41/zNeKX42fYZEgZ21tp+2H3wD9dRvKHVQoQVoA=
github.com/aws/aws-sdk-go-v2/credentials v1.17.25/go.mod h1:nusEt4GmUeIRun/DSygR+SNo4ZDPwSazRLHB/JL+ZXI=
github.com/aws/aws-sdk-go-v2/feature/ec2/imds v1.16.10 h1:HHTpwyMcGI+ueBc1zYc8vNDrcuyShOGVomgqv+MiPUY=
github.com/aws/aws-sdk-go-v2/feature/ec2/imds v1.16.10/go.mod h1:ynaPKdMFUPJWGq2ilDQqFQVyBF7LPTu131QL6rE+Dmk=
github.com/aws/aws-sdk-go-v2/internal/configsources v1.3.14 h1:VQaovRAzif3gv8A/PpTHHiuIxlvAyDwBQNgiiZ+uXnA=
github.com/aws/aws-sdk-go-v2/internal/configsources v1.3.14/go.mod h1:fVGBeMoBKNCjcVPPmxDq7mDqK66IdsNNAWCuNYQE65g=
github.com/aws/aws-sdk-go-v2/internal/endpoints/v2 v2.6.14 h1:H3mJaGAsqZZvPm+n0u3yABuO4MjXqAp/cxceVByPKaM=
github.com/aws/aws-sdk-go-v2/internal/endpoints/v2 v2.6.14/go.mod h1:llg6cnW4R8iWCCUS+Q5oOWQTkVHpTJY93TkOX3eKNxg=
github.com/aws/aws-sdk-go-v2/internal/ini v1.8.0 h1:hT8rVHwugYE2lEfdFE0QWVo81lF7jMrYJVDWI+f+VxU=
github.com/aws/aws-sdk-go-v2/internal/ini v1.8.0/go.mod h1:8tu/lYfQfFe6IGnaOdrpVgEL2IrrDOf6/m9RQum4NkY=
github.com/aws/aws-sdk-go-v2/internal/v4a v1.3.14 h1:/y/JCh8hapHm9QsmbAq0pHagaTMvikG19Ja2mnYf0jE=
github.com/aws/aws-sdk-go-v2/internal/v4a v1.3.14/go.mod h1:mXGTRz8DU8WLMJaaTWBQh0vRHPTVoiZOENDgQxlMZFQ=
github.com/aws/aws-sdk-go-v2/service/internal/accept-encoding v1.11.3 h1:dT3MqvGhSoaIhRseqw2I0yH81l7wiR2vjs57O51EAm8=
github.com/aws/aws-sdk-go-v2/service/internal/accept-encoding v1.11.3/go.mod h1:GlAeCkHwugxdHaueRr4nhPuY+WW+gR8UjlcqzPr1SPI=
github.com/aws/aws-sdk-go-v2/service/internal/checksum v1.3.16 h1:RC67AkaZqwmQonPjNfL4w+O2NCjVxqtZDmO9LtQ6pLk=
github.com/aws/aws-sdk-go-v2/service/internal/checksum v1.3.16/go.mod h1:GiSQ3uaRZGJw3EO7J9W/6Pzlj8PTavAgdLLwaTwo6M4=
github.com/aws/aws-sdk-go-v2/service/internal/presigned-url v1.11.16 h1:QX1NdlZt2GmEAi76bYp0X1SSCOWz9twCzm+uffc4EkU=
github.com/aws/aws-sdk-go-v2/service/internal/presigned-url v1.11.16/go.mod h1:VW61XQxhMsEQi1JVKl8tSPDZ6AuBhVjEwFJlU85DaIs=
github.com/aws/aws-sdk-go-v2/service/internal/s3shared v1.17.14 h1:XBUuG2z7aZUito1AKxc54SFHOMzzn0gZWJPyFDr+d/M=
github.com/aws/aws-sdk-go-v2/service/internal/s3shared v1.17.14/go.mod h1:BnSWK9XwRSPgjt/bq30ukHQ2D1A/BdvvwMnp2+IiTpM=
github.com/aws/aws-sdk-go-v2/service/s3 v1.58.1 h1:2bw/XKFdQMINkmvvUoqWE4O4AmGSGe+4K5ouHRwC/Qo=
github.com/aws/aws-sdk-go-v2/service/s3 v1.58.1/go.mod h1:9QziQ/VP4Fkcocvx5Zf53iPMmQJ+dATXo01t/Nv20wI=
github.com/aws/aws-sdk-go-v2/service/sso v1.22.2 h1:z6ybwREfmhRqn5iIUMrmqoqOpp4zrTriKsq1x5oHSQw=
github.com/aws/aws-sdk-go-v2/service/sso v1.22.2/go.mod h1:+MgTXxlIwb3HsMEFB9bkNDLDh3eo2f6vXY9X9D6DTCM=
github.com/aws/aws-sdk-go-v2/service/ssooidc v1.26.3 h1:Yh29Mmg27xR8vMxibWF9JWrI4L5Go5zxOtdk7PzcrqM=
github.com/aws/aws-sdk-go-v2/service/ssooidc v1.26.3/go.mod h1:yJ6Iqas4iFzb83n+pPw5dABjwKj1DEf19qWGEKXICao=
github.com/aws/aws-sdk-go-v2/service/sts v1.30.2 h1:CbmNoc0P72e9zwBLJBvBDb3vKJXKNehcfNmkRjAkts8=
github.com/aws/aws-sdk-go-v2/service/sts v1.30.2/go.mod h1:2ocYJoYQZN8ad4+E8ut5xE9J2ld9wrMvmpADRYw4rs4=
github.com/aws/smithy-go v1.20.3 h1:ryHwveWzPV5BIof6fyDvor6V3iUL7nTfiTKXHiW05nE=
github.com/aws/smithy-go v1.20.3/go.mod h1:krry+ya/rV9RDcV/Q16kpu6ypI4K2czasz0NC3qS14E=
github.com/pkg/errors v0.9.1 h1:FEBLx1zS214owpjy7qsBeixbURkuhQAwrK5UwLGTwt4=
github.com/pkg/errors v0.9.1/go.mod h1:bwawxfHBFNV+L2hUp1rHADufV3IMtnDRdf1r5NINEl0=
github.com/spf13/pflag v1.0.5 h1:iy+VFUOCP1a+8yFto/drg2CJ5u0yRoB7fZw3DKv/JXA=
github.com/spf13/pflag v1.0.5/go.mod h1:McXfInJRrz4CZXVZOBLb0bTZqETkiAhM9Iw0y3An2Bg=
